
Microsoft Visual Studio Solution File, Format Version 12.00
# Visual Studio Version 17
VisualStudioVersion = 17.6.33815.320
MinimumVisualStudioVersion = 10.0.40219.1
Project("{FAE04EC0-301F-11D3-BF4B-00C04F79EFBC}") = "FE_Presentacion", "ControlStock\FE_Presentacion.csproj", "{E190FC23-F53A-4724-A611-E311AE8754B9}"
EndProject
Project("{FAE04EC0-301F-11D3-BF4B-00C04F79EFBC}") = "BE_Datos", "BE_Datos\BE_Datos.csproj", "{C8AA692B-58E0-4D2E-8CB2-7DE036332A84}"
EndProject
Global
	GlobalSection(SolutionConfigurationPlatforms) = preSolution
		Debug|Any CPU = Debug|Any CPU
		Release|Any CPU = Release|Any CPU
	EndGlobalSection
	GlobalSection(ProjectConfigurationPlatforms) = postSolution
		{E190FC23-F53A-4724-A611-E311AE8754B9}.Debug|Any CPU.ActiveCfg = Debug|Any CPU
		{E190FC23-F53A-4724-A611-E311AE8754B9}.Debug|Any CPU.Build.0 = Debug|Any CPU
		{E190FC23-F53A-4724-A611-E311AE8754B9}.Release|Any CPU.ActiveCfg = Release|Any CPU
		{E190FC23-F53A-4724-A611-E311AE8754B9}.Release|Any CPU.Build.0 = Release|Any CPU
		{C8AA692B-58E0-4D2E-8CB2-7DE036332A84}.Debug|Any CPU.ActiveCfg = Debug|Any CPU
		{C8AA692B-58E0-4D2E-8CB2-7DE036332A84}.Debug|Any CPU.Build.0 = Debug|Any CPU
		{C8AA692B-58E0-4D2E-8CB2-7DE036332A84}.Release|Any CPU.ActiveCfg = Release|Any CPU
		{C8AA692B-58E0-4D2E-8CB2-7DE036332A84}.Release|Any CPU.Build.0 = Release|Any CPU
	EndGlobalSection
	GlobalSection(SolutionProperties) = preSolution
		HideSolutionNode = FALSE
	EndGlobalSection
	GlobalSection(ExtensibilityGlobals) = postSolution
		SolutionGuid = {7ABDEE3F-1AF8-4B03-8261-B6564871D0AD}
	EndGlobalSection
EndGlobal
